{
    "_meta": {
        "hash": {
            "sha256": "bbe12e445579e58f663b697db74654583136d3b1f61146dc7d623c99acd3a156"
        },
        "pipfile-spec": 6,
        "requires": {
            "python_version": "3.7"
        },
        "sources": [
            {
                "name": "pypi",
                "url": "https://pypi.org/simple",
                "verify_ssl": true
            }
        ]
    },
    "default": {
        "anytree": {
            "hashes": [
                "sha256:409ccb966d759952648d5e5656bc311ab63a1f4a7d5ed9fc0e9715343ca2aa74",
                "sha256:4de1010295b47a607a2a0cde6417f6f1b412225654f6606d6d4f5385b5b4c10a"
            ],
            "index": "pypi",
            "version": "==2.5.0"
        },
        "six": {
            "hashes": [
                "sha256:3350809f0555b11f552448330d0b52d5f24c91a322ea4a15ef22629740f3761c",
                "sha256:d16a0141ec1a18405cd4ce8b4613101da75da0e9a7aec5bdd4fa804d0e0eba73"
            ],
            "version": "==1.12.0"
        }
    },
    "develop": {}
}
